
Microsoft Visual Studio Solution File, Format Version 12.00
Project("{FAE04EC0-301F-11D3-BF4B-00C04F79EFBC}") = "QueryBenchmarks", "QueryBenchmarks\QueryBenchmarks.csproj", "{D13091D6-F865-438F-8AE8-D64B30A1B2BA}"
EndProject
Project("{FAE04EC0-301F-11D3-BF4B-00C04F79EFBC}") = "JsonBenchmarks", "JsonBenchmarks\JsonBenchmarks.csproj", "{B8A12313-E722-47AF-81E0-DC70BD14E8D4}"
EndProject
Project("{FAE04EC0-301F-11D3-BF4B-00C04F79EFBC}") = "GroupByOrDistinctBenchmarks", "GroupByOrDistinctBenchmarks\GroupByOrDistinctBenchmarks.csproj", "{729A1397-4EA1-45C6-92B2-572C28FA6D1C}"
EndProject
Project("{FAE04EC0-301F-11D3-BF4B-00C04F79EFBC}") = "StringExtensionsBenchmarks", "StringExtensionsBenchmarks\StringExtensionsBenchmarks.csproj", "{B3011916-BAB2-4FEE-96A3-B8E61C041B02}"
EndProject
Project("{FAE04EC0-301F-11D3-BF4B-00C04F79EFBC}") = "LinqVsForVsForeachBenchmarks", "LinqVsForVsForeachBenchmarks\LinqVsForVsForeachBenchmarks.csproj", "{97B2560A-53BF-48F9-9CD9-9AC0A6D62D9E}"
EndProject
Project("{2150E333-8FDC-42A3-9474-1A3956D46DE8}") = "MaverickJsonSource", "MaverickJsonSource", "{DC363249-764B-4D14-A933-3237D77036F4}"
EndProject
Project("{FAE04EC0-301F-11D3-BF4B-00C04F79EFBC}") = "Maverick.Json", "MaverickJsonSource\Maverick.Json\Maverick.Json.csproj", "{A933A555-D516-4313-8E3A-1311C51D6226}"
EndProject
Project("{FAE04EC0-301F-11D3-BF4B-00C04F79EFBC}") = "HashCodeBenchmarks", "HashCodeBenchmarks\HashCodeBenchmarks.csproj", "{920DD5FF-66CF-4A92-9933-FF13AF819607}"
EndProject
Project("{2150E333-8FDC-42A3-9474-1A3956D46DE8}") = "EnumBoxingUnboxing", "EnumBoxingUnboxing", "{C35BA106-F934-40FB-85AE-E2572EDB1B2E}"
EndProject
Project("{FAE04EC0-301F-11D3-BF4B-00C04F79EFBC}") = "BoxingUnboxing.Tests", "EnumBoxingUnboxing\BoxingUnboxing.Tests\BoxingUnboxing.Tests.csproj", "{33878926-9F84-44DD-9BAD-C435A7AFEFBD}"
EndProject
Project("{FAE04EC0-301F-11D3-BF4B-00C04F79EFBC}") = "BoxingUnboxing.Benchmarks", "EnumBoxingUnboxing\BoxingUnboxing.Benchmarks\BoxingUnboxing.Benchmarks.csproj", "{0C8419E0-1DA9-4AA4-A32A-40EEB5EC9938}"
EndProject
Global
	GlobalSection(SolutionConfigurationPlatforms) = preSolution
		Debug|Any CPU = Debug|Any CPU
		Release|Any CPU = Release|Any CPU
	EndGlobalSection
	GlobalSection(ProjectConfigurationPlatforms) = postSolution
		{D13091D6-F865-438F-8AE8-D64B30A1B2BA}.Debug|Any CPU.ActiveCfg = Debug|Any CPU
		{D13091D6-F865-438F-8AE8-D64B30A1B2BA}.Debug|Any CPU.Build.0 = Debug|Any CPU
		{D13091D6-F865-438F-8AE8-D64B30A1B2BA}.Release|Any CPU.ActiveCfg = Release|Any CPU
		{D13091D6-F865-438F-8AE8-D64B30A1B2BA}.Release|Any CPU.Build.0 = Release|Any CPU
		{B8A12313-E722-47AF-81E0-DC70BD14E8D4}.Debug|Any CPU.ActiveCfg = Debug|Any CPU
		{B8A12313-E722-47AF-81E0-DC70BD14E8D4}.Debug|Any CPU.Build.0 = Debug|Any CPU
		{B8A12313-E722-47AF-81E0-DC70BD14E8D4}.Release|Any CPU.ActiveCfg = Release|Any CPU
		{B8A12313-E722-47AF-81E0-DC70BD14E8D4}.Release|Any CPU.Build.0 = Release|Any CPU
		{729A1397-4EA1-45C6-92B2-572C28FA6D1C}.Debug|Any CPU.ActiveCfg = Debug|Any CPU
		{729A1397-4EA1-45C6-92B2-572C28FA6D1C}.Debug|Any CPU.Build.0 = Debug|Any CPU
		{729A1397-4EA1-45C6-92B2-572C28FA6D1C}.Release|Any CPU.ActiveCfg = Release|Any CPU
		{729A1397-4EA1-45C6-92B2-572C28FA6D1C}.Release|Any CPU.Build.0 = Release|Any CPU
		{B3011916-BAB2-4FEE-96A3-B8E61C041B02}.Debug|Any CPU.ActiveCfg = Debug|Any CPU
		{B3011916-BAB2-4FEE-96A3-B8E61C041B02}.Debug|Any CPU.Build.0 = Debug|Any CPU
		{B3011916-BAB2-4FEE-96A3-B8E61C041B02}.Release|Any CPU.ActiveCfg = Release|Any CPU
		{B3011916-BAB2-4FEE-96A3-B8E61C041B02}.Release|Any CPU.Build.0 = Release|Any CPU
		{97B2560A-53BF-48F9-9CD9-9AC0A6D62D9E}.Debug|Any CPU.ActiveCfg = Debug|Any CPU
		{97B2560A-53BF-48F9-9CD9-9AC0A6D62D9E}.Debug|Any CPU.Build.0 = Debug|Any CPU
		{97B2560A-53BF-48F9-9CD9-9AC0A6D62D9E}.Release|Any CPU.ActiveCfg = Release|Any CPU
		{97B2560A-53BF-48F9-9CD9-9AC0A6D62D9E}.Release|Any CPU.Build.0 = Release|Any CPU
		{A933A555-D516-4313-8E3A-1311C51D6226}.Debug|Any CPU.ActiveCfg = Debug|Any CPU
		{A933A555-D516-4313-8E3A-1311C51D6226}.Debug|Any CPU.Build.0 = Debug|Any CPU
		{A933A555-D516-4313-8E3A-1311C51D6226}.Release|Any CPU.ActiveCfg = Release|Any CPU
		{A933A555-D516-4313-8E3A-1311C51D6226}.Release|Any CPU.Build.0 = Release|Any CPU
		{920DD5FF-66CF-4A92-9933-FF13AF819607}.Debug|Any CPU.ActiveCfg = Debug|Any CPU
		{920DD5FF-66CF-4A92-9933-FF13AF819607}.Debug|Any CPU.Build.0 = Debug|Any CPU
		{920DD5FF-66CF-4A92-9933-FF13AF819607}.Release|Any CPU.ActiveCfg = Release|Any CPU
		{920DD5FF-66CF-4A92-9933-FF13AF819607}.Release|Any CPU.Build.0 = Release|Any CPU
		{33878926-9F84-44DD-9BAD-C435A7AFEFBD}.Debug|Any CPU.ActiveCfg = Debug|Any CPU
		{33878926-9F84-44DD-9BAD-C435A7AFEFBD}.Debug|Any CPU.Build.0 = Debug|Any CPU
		{33878926-9F84-44DD-9BAD-C435A7AFEFBD}.Release|Any CPU.ActiveCfg = Release|Any CPU
		{33878926-9F84-44DD-9BAD-C435A7AFEFBD}.Release|Any CPU.Build.0 = Release|Any CPU
		{0C8419E0-1DA9-4AA4-A32A-40EEB5EC9938}.Debug|Any CPU.ActiveCfg = Debug|Any CPU
		{0C8419E0-1DA9-4AA4-A32A-40EEB5EC9938}.Debug|Any CPU.Build.0 = Debug|Any CPU
		{0C8419E0-1DA9-4AA4-A32A-40EEB5EC9938}.Release|Any CPU.ActiveCfg = Release|Any CPU
		{0C8419E0-1DA9-4AA4-A32A-40EEB5EC9938}.Release|Any CPU.Build.0 = Release|Any CPU
	EndGlobalSection
	GlobalSection(NestedProjects) = preSolution
		{A933A555-D516-4313-8E3A-1311C51D6226} = {DC363249-764B-4D14-A933-3237D77036F4}
		{33878926-9F84-44DD-9BAD-C435A7AFEFBD} = {C35BA106-F934-40FB-85AE-E2572EDB1B2E}
		{0C8419E0-1DA9-4AA4-A32A-40EEB5EC9938} = {C35BA106-F934-40FB-85AE-E2572EDB1B2E}
	EndGlobalSection
EndGlobal
