
Microsoft Visual Studio Solution File, Format Version 12.00
Project("{FAE04EC0-301F-11D3-BF4B-00C04F79EFBC}") = "QueryBenchmarks", "QueryBenchmarks\QueryBenchmarks.csproj", "{D13091D6-F865-438F-8AE8-D64B30A1B2BA}"
EndProject
Global
	GlobalSection(SolutionConfigurationPlatforms) = preSolution
		Debug|Any CPU = Debug|Any CPU
		Release|Any CPU = Release|Any CPU
	EndGlobalSection
	GlobalSection(ProjectConfigurationPlatforms) = postSolution
		{D13091D6-F865-438F-8AE8-D64B30A1B2BA}.Debug|Any CPU.ActiveCfg = Debug|Any CPU
		{D13091D6-F865-438F-8AE8-D64B30A1B2BA}.Debug|Any CPU.Build.0 = Debug|Any CPU
		{D13091D6-F865-438F-8AE8-D64B30A1B2BA}.Release|Any CPU.ActiveCfg = Release|Any CPU
		{D13091D6-F865-438F-8AE8-D64B30A1B2BA}.Release|Any CPU.Build.0 = Release|Any CPU
	EndGlobalSection
EndGlobal
